// !$*UTF8*$!
{
	archiveVersion = 1;
	classes = {
	};
	objectVersion = 46;
	objects = {

/* Begin PBXBuildFile section */
		1788A3AE1F3D46870042391C /* AppDelegate.swift in Sources */ = {isa = PBXBuildFile; fileRef = 1788A3AD1F3D46870042391C /* AppDelegate.swift */; };
		1788A3B01F3D46870042391C /* ViewController.swift in Sources */ = {isa = PBXBuildFile; fileRef = 1788A3AF1F3D46870042391C /* ViewController.swift */; };
		1788A3B31F3D46870042391C /* Main.storyboard in Resources */ = {isa = PBXBuildFile; fileRef = 1788A3B11F3D46870042391C /* Main.storyboard */; };
		1788A3B51F3D46870042391C /* Assets.xcassets in Resources */ = {isa = PBXBuildFile; fileRef = 1788A3B41F3D46870042391C /* Assets.xcassets */; };
		1788A3B81F3D46870042391C /* LaunchScreen.storyboard in Resources */ = {isa = PBXBuildFile; fileRef = 1788A3B61F3D46870042391C /* LaunchScreen.storyboard */; };
		1788A3C01F3D46E20042391C /* BluetoothDelegate.swift in Sources */ = {isa = PBXBuildFile; fileRef = 1788A3BF1F3D46E20042391C /* BluetoothDelegate.swift */; };
		1788A3C21F3D49440042391C /* Peripheral.swift in Sources */ = {isa = PBXBuildFile; fileRef = 1788A3C11F3D49440042391C /* Peripheral.swift */; };
		1788A3C41F3D49CF0042391C /* CentralManager.swift in Sources */ = {isa = PBXBuildFile; fileRef = 1788A3C31F3D49CF0042391C /* CentralManager.swift */; };
		1788A3C61F3D5C4B0042391C /* Characteristic.swift in Sources */ = {isa = PBXBuildFile; fileRef = 1788A3C51F3D5C4B0042391C /* Characteristic.swift */; };
/* End PBXBuildFile section */

/* Begin PBXFileReference section */
		1788A3AA1F3D46870042391C /* RynanBLEKit.app */ = {isa = PBXFileReference; explicitFileType = wrapper.application; includeInIndex = 0; path = RynanBLEKit.app; sourceTree = BUILT_PRODUCTS_DIR; };
		1788A3AD1F3D46870042391C /* AppDelegate.swift */ = {isa = PBXFileReference; lastKnownFileType = sourcecode.swift; path = AppDelegate.swift; sourceTree = "<group>"; };
		1788A3AF1F3D46870042391C /* ViewController.swift */ = {isa = PBXFileReference; lastKnownFileType = sourcecode.swift; path = ViewController.swift; sourceTree = "<group>"; };
		1788A3B21F3D46870042391C /* Base */ = {isa = PBXFileReference; lastKnownFileType = file.storyboard; name = Base; path = Base.lproj/Main.storyboard; sourceTree = "<group>"; };
		1788A3B41F3D46870042391C /* Assets.xcassets */ = {isa = PBXFileReference; lastKnownFileType = folder.assetcatalog; path = Assets.xcassets; sourceTree = "<group>"; };
		1788A3B71F3D46870042391C /* Base */ = {isa = PBXFileReference; lastKnownFileType = file.storyboard; name = Base; path = Base.lproj/LaunchScreen.storyboard; sourceTree = "<group>"; };
		1788A3B91F3D46870042391C /* Info.plist */ = {isa = PBXFileReference; lastKnownFileType = text.plist.xml; path = Info.plist; sourceTree = "<group>"; };
		1788A3BF1F3D46E20042391C /* BluetoothDelegate.swift */ = {isa = PBXFileReference; fileEncoding = 4; lastKnownFileType = sourcecode.swift; path = BluetoothDelegate.swift; sourceTree = "<group>"; };
		1788A3C11F3D49440042391C /* Peripheral.swift */ = {isa = PBXFileReference; fileEncoding = 4; lastKnownFileType = sourcecode.swift; path = Peripheral.swift; sourceTree = "<group>"; };
		1788A3C31F3D49CF0042391C /* CentralManager.swift */ = {isa = PBXFileReference; fileEncoding = 4; lastKnownFileType = sourcecode.swift; path = CentralManager.swift; sourceTree = "<group>"; };
		1788A3C51F3D5C4B0042391C /* Characteristic.swift */ = {isa = PBXFileReference; fileEncoding = 4; lastKnownFileType = sourcecode.swift; path = Characteristic.swift; sourceTree = "<group>"; };
/* End PBXFileReference section */

/* Begin PBXFrameworksBuildPhase section */
		1788A3A71F3D46870042391C /* Frameworks */ = {
			isa = PBXFrameworksBuildPhase;
			buildActionMask = 2147483647;
			files = (
			);
			runOnlyForDeploymentPostprocessing = 0;
		};
/* End PBXFrameworksBuildPhase section */

/* Begin PBXGroup section */
		1788A3A11F3D46870042391C = {
			isa = PBXGroup;
			children = (
				1788A3AC1F3D46870042391C /* RynanBLEKit */,
				1788A3AB1F3D46870042391C /* Products */,
			);
			sourceTree = "<group>";
		};
		1788A3AB1F3D46870042391C /* Products */ = {
			isa = PBXGroup;
			children = (
				1788A3AA1F3D46870042391C /* RynanBLEKit.app */,
			);
			name = Products;
			sourceTree = "<group>";
		};
		1788A3AC1F3D46870042391C /* RynanBLEKit */ = {
			isa = PBXGroup;
			children = (
				1788A3AD1F3D46870042391C /* AppDelegate.swift */,
				1788A3AF1F3D46870042391C /* ViewController.swift */,
				1788A3B11F3D46870042391C /* Main.storyboard */,
				1788A3B41F3D46870042391C /* Assets.xcassets */,
				1788A3B61F3D46870042391C /* LaunchScreen.storyboard */,
				1788A3B91F3D46870042391C /* Info.plist */,
				1788A3BF1F3D46E20042391C /* BluetoothDelegate.swift */,
				1788A3C11F3D49440042391C /* Peripheral.swift */,
				1788A3C31F3D49CF0042391C /* CentralManager.swift */,
				1788A3C51F3D5C4B0042391C /* Characteristic.swift */,
			);
			path = RynanBLEKit;
			sourceTree = "<group>";
		};
/* End PBXGroup section */

/* Begin PBXNativeTarget section */
		1788A3A91F3D46870042391C /* RynanBLEKit */ = {
			isa = PBXNativeTarget;
			buildConfigurationList = 1788A3BC1F3D46870042391C /* Build configuration list for PBXNativeTarget "RynanBLEKit" */;
			buildPhases = (
				1788A3A61F3D46870042391C /* Sources */,
				1788A3A71F3D46870042391C /* Frameworks */,
				1788A3A81F3D46870042391C /* Resources */,
			);
			buildRules = (
			);
			dependencies = (
			);
			name = RynanBLEKit;
			productName = RynanBLEKit;
			productReference = 1788A3AA1F3D46870042391C /* RynanBLEKit.app */;
			productType = "com.apple.product-type.application";
		};
/* End PBXNativeTarget section */

/* Begin PBXProject section */
		1788A3A21F3D46870042391C /* Project object */ = {
			isa = PBXProject;
			attributes = {
				LastSwiftUpdateCheck = 0830;
				LastUpgradeCheck = 0830;
				ORGANIZATIONNAME = RynanTeam;
				TargetAttributes = {
					1788A3A91F3D46870042391C = {
						CreatedOnToolsVersion = 8.3.2;
						DevelopmentTeam = 2Z3G8M246S;
						ProvisioningStyle = Automatic;
					};
				};
			};
			buildConfigurationList = 1788A3A51F3D46870042391C /* Build configuration list for PBXProject "RynanBLEKit" */;
			compatibilityVersion = "Xcode 3.2";
			developmentRegion = English;
			hasScannedForEncodings = 0;
			knownRegions = (
				en,
				Base,
			);
			mainGroup = 1788A3A11F3D46870042391C;
			productRefGroup = 1788A3AB1F3D46870042391C /* Products */;
			projectDirPath = "";
			projectRoot = "";
			targets = (
				1788A3A91F3D46870042391C /* RynanBLEKit */,
			);
		};
/* End PBXProject section */

/* Begin PBXResourcesBuildPhase section */
		1788A3A81F3D46870042391C /* Resources */ = {
			isa = PBXResourcesBuildPhase;
			buildActionMask = 2147483647;
			files = (
				1788A3B81F3D46870042391C /* LaunchScreen.storyboard in Resources */,
				1788A3B51F3D46870042391C /* Assets.xcassets in Resources */,
				1788A3B31F3D46870042391C /* Main.storyboard in Resources */,
			);
			runOnlyForDeploymentPostprocessing = 0;
		};
/* End PBXResourcesBuildPhase section */

/* Begin PBXSourcesBuildPhase section */
		1788A3A61F3D46870042391C /* Sources */ = {
			isa = PBXSourcesBuildPhase;
			buildActionMask = 2147483647;
			files = (
				1788A3C61F3D5C4B0042391C /* Characteristic.swift in Sources */,
				1788A3B01F3D46870042391C /* ViewController.swift in Sources */,
				1788A3C01F3D46E20042391C /* BluetoothDelegate.swift in Sources */,
				1788A3AE1F3D46870042391C /* AppDelegate.swift in Sources */,
				1788A3C21F3D49440042391C /* Peripheral.swift in Sources */,
				1788A3C41F3D49CF0042391C /* CentralManager.swift in Sources */,
			);
			runOnlyForDeploymentPostprocessing = 0;
		};
/* End PBXSourcesBuildPhase section */

/* Begin PBXVariantGroup section */
		1788A3B11F3D46870042391C /* Main.storyboard */ = {
			isa = PBXVariantGroup;
			children = (
				1788A3B21F3D46870042391C /* Base */,
			);
			name = Main.storyboard;
			sourceTree = "<group>";
		};
		1788A3B61F3D46870042391C /* LaunchScreen.storyboard */ = {
			isa = PBXVariantGroup;
			children = (
				1788A3B71F3D46870042391C /* Base */,
			);
			name = LaunchScreen.storyboard;
			sourceTree = "<group>";
		};
/* End PBXVariantGroup section */

/* Begin XCBuildConfiguration section */
		1788A3BA1F3D46870042391C /* Debug */ = {
			isa = XCBuildConfiguration;
			buildSettings = {
				ALWAYS_SEARCH_USER_PATHS = NO;
				CLANG_ANALYZER_NONNULL = YES;
				CLANG_ANALYZER_NUMBER_OBJECT_CONVERSION = YES_AGGRESSIVE;
				CLANG_CXX_LANGUAGE_STANDARD = "gnu++0x";
				CLANG_CXX_LIBRARY = "libc++";
				CLANG_ENABLE_MODULES = YES;
				CLANG_ENABLE_OBJC_ARC = YES;
				CLANG_WARN_BOOL_CONVERSION = YES;
				CLANG_WARN_CONSTANT_CONVERSION = YES;
				CLANG_WARN_DIRECT_OBJC_ISA_USAGE = YES_ERROR;
				CLANG_WARN_DOCUMENTATION_COMMENTS = YES;
				CLANG_WARN_EMPTY_BODY = YES;
				CLANG_WARN_ENUM_CONVERSION = YES;
				CLANG_WARN_INFINITE_RECURSION = YES;
				CLANG_WARN_INT_CONVERSION = YES;
				CLANG_WARN_OBJC_ROOT_CLASS = YES_ERROR;
				CLANG_WARN_SUSPICIOUS_MOVE = YES;
				CLANG_WARN_UNREACHABLE_CODE = YES;
				CLANG_WARN__DUPLICATE_METHOD_MATCH = YES;
				"CODE_SIGN_IDENTITY[sdk=iphoneos*]" = "iPhone Developer";
				COPY_PHASE_STRIP = NO;
				DEBUG_INFORMATION_FORMAT = dwarf;
				ENABLE_STRICT_OBJC_MSGSEND = YES;
				ENABLE_TESTABILITY = YES;
				GCC_C_LANGUAGE_STANDARD = gnu99;
				GCC_DYNAMIC_NO_PIC = NO;
				GCC_NO_COMMON_BLOCKS = YES;
				GCC_OPTIMIZATION_LEVEL = 0;
				GCC_PREPROCESSOR_DEFINITIONS = (
					"DEBUG=1",
					"$(inherited)",
				);
				GCC_WARN_64_TO_32_BIT_CONVERSION = YES;
				GCC_WARN_ABOUT_RETURN_TYPE = YES_ERROR;
				GCC_WARN_UNDECLARED_SELECTOR = YES;
				GCC_WARN_UNINITIALIZED_AUTOS = YES_AGGRESSIVE;
				GCC_WARN_UNUSED_FUNCTION = YES;
				GCC_WARN_UNUSED_VARIABLE = YES;
				IPHONEOS_DEPLOYMENT_TARGET = 10.3;
				MTL_ENABLE_DEBUG_INFO = YES;
				ONLY_ACTIVE_ARCH = YES;
				SDKROOT = iphoneos;
				SWIFT_ACTIVE_COMPILATION_CONDITIONS = DEBUG;
				SWIFT_OPTIMIZATION_LEVEL = "-Onone";
			};
			name = Debug;
		};
		1788A3BB1F3D46870042391C /* Release */ = {
			isa = XCBuildConfiguration;
			buildSettings = {
				ALWAYS_SEARCH_USER_PATHS = NO;
				CLANG_ANALYZER_NONNULL = YES;
				CLANG_ANALYZER_NUMBER_OBJECT_CONVERSION = YES_AGGRESSIVE;
				CLANG_CXX_LANGUAGE_STANDARD = "gnu++0x";
				CLANG_CXX_LIBRARY = "libc++";
				CLANG_ENABLE_MODULES = YES;
				CLANG_ENABLE_OBJC_ARC = YES;
				CLANG_WARN_BOOL_CONVERSION = YES;
				CLANG_WARN_CONSTANT_CONVERSION = YES;
				CLANG_WARN_DIRECT_OBJC_ISA_USAGE = YES_ERROR;
				CLANG_WARN_DOCUMENTATION_COMMENTS = YES;
				CLANG_WARN_EMPTY_BODY = YES;
				CLANG_WARN_ENUM_CONVERSION = YES;
				CLANG_WARN_INFINITE_RECURSION = YES;
				CLANG_WARN_INT_CONVERSION = YES;
				CLANG_WARN_OBJC_ROOT_CLASS = YES_ERROR;
				CLANG_WARN_SUSPICIOUS_MOVE = YES;
				CLANG_WARN_UNREACHABLE_CODE = YES;
				CLANG_WARN__DUPLICATE_METHOD_MATCH = YES;
				"CODE_SIGN_IDENTITY[sdk=iphoneos*]" = "iPhone Developer";
				COPY_PHASE_STRIP = NO;
				DEBUG_INFORMATION_FORMAT = "dwarf-with-dsym";
				ENABLE_NS_ASSERTIONS = NO;
				ENABLE_STRICT_OBJC_MSGSEND = YES;
				GCC_C_LANGUAGE_STANDARD = gnu99;
				GCC_NO_COMMON_BLOCKS = YES;
				GCC_WARN_64_TO_32_BIT_CONVERSION = YES;
				GCC_WARN_ABOUT_RETURN_TYPE = YES_ERROR;
				GCC_WARN_UNDECLARED_SELECTOR = YES;
				GCC_WARN_UNINITIALIZED_AUTOS = YES_AGGRESSIVE;
				GCC_WARN_UNUSED_FUNCTION = YES;
				GCC_WARN_UNUSED_VARIABLE = YES;
				IPHONEOS_DEPLOYMENT_TARGET = 10.3;
				MTL_ENABLE_DEBUG_INFO = NO;
				SDKROOT = iphoneos;
				SWIFT_OPTIMIZATION_LEVEL = "-Owholemodule";
				VALIDATE_PRODUCT = YES;
			};
			name = Release;
		};
		1788A3BD1F3D46870042391C /* Debug */ = {
			isa = XCBuildConfiguration;
			buildSettings = {
				ASSETCATALOG_COMPILER_APPICON_NAME = AppIcon;
				DEVELOPMENT_TEAM = 2Z3G8M246S;
				INFOPLIST_FILE = RynanBLEKit/Info.plist;
				LD_RUNPATH_SEARCH_PATHS = "$(inherited) @executable_path/Frameworks";
				PRODUCT_BUNDLE_IDENTIFIER = com.rynan.RynanBLEKit;
				PRODUCT_NAME = "$(TARGET_NAME)";
				SWIFT_VERSION = 3.0;
			};
			name = Debug;
		};
		1788A3BE1F3D46870042391C /* Release */ = {
			isa = XCBuildConfiguration;
			buildSettings = {
				ASSETCATALOG_COMPILER_APPICON_NAME = AppIcon;
				DEVELOPMENT_TEAM = 2Z3G8M246S;
				INFOPLIST_FILE = RynanBLEKit/Info.plist;
				LD_RUNPATH_SEARCH_PATHS = "$(inherited) @executable_path/Frameworks";
				PRODUCT_BUNDLE_IDENTIFIER = com.rynan.RynanBLEKit;
				PRODUCT_NAME = "$(TARGET_NAME)";
				SWIFT_VERSION = 3.0;
			};
			name = Release;
		};
/* End XCBuildConfiguration section */

/* Begin XCConfigurationList section */
		1788A3A51F3D46870042391C /* Build configuration list for PBXProject "RynanBLEKit" */ = {
			isa = XCConfigurationList;
			buildConfigurations = (
				1788A3BA1F3D46870042391C /* Debug */,
				1788A3BB1F3D46870042391C /* Release */,
			);
			defaultConfigurationIsVisible = 0;
			defaultConfigurationName = Release;
		};
		1788A3BC1F3D46870042391C /* Build configuration list for PBXNativeTarget "RynanBLEKit" */ = {
			isa = XCConfigurationList;
			buildConfigurations = (
				1788A3BD1F3D46870042391C /* Debug */,
				1788A3BE1F3D46870042391C /* Release */,
			);
			defaultConfigurationIsVisible = 0;
		};
/* End XCConfigurationList section */
	};
	rootObject = 1788A3A21F3D46870042391C /* Project object */;
}
